
Microsoft Visual Studio Solution File, Format Version 12.00
# Visual Studio Version 16
VisualStudioVersion = 16.0.31410.357
MinimumVisualStudioVersion = 10.0.40219.1
Project("{9A19103F-16F7-4668-BE54-9A1E7A4F7556}") = "drawing-canvas", "drawing-canvas\drawing-canvas.csproj", "{437F33C7-6FED-40AD-B231-ABB6AD0E33AD}"
EndProject
Project("{FAE04EC0-301F-11D3-BF4B-00C04F79EFBC}") = "drawing-canvas-tests", "drawing-canvas-tests\drawing-canvas-tests.csproj", "{9974ABF8-12C1-4FE2-A232-6061FD9F1428}"
EndProject
Global
	GlobalSection(SolutionConfigurationPlatforms) = preSolution
		Debug|Any CPU = Debug|Any CPU
		Release|Any CPU = Release|Any CPU
	EndGlobalSection
	GlobalSection(ProjectConfigurationPlatforms) = postSolution
		{437F33C7-6FED-40AD-B231-ABB6AD0E33AD}.Debug|Any CPU.ActiveCfg = Debug|Any CPU
		{437F33C7-6FED-40AD-B231-ABB6AD0E33AD}.Debug|Any CPU.Build.0 = Debug|Any CPU
		{437F33C7-6FED-40AD-B231-ABB6AD0E33AD}.Release|Any CPU.ActiveCfg = Release|Any CPU
		{437F33C7-6FED-40AD-B231-ABB6AD0E33AD}.Release|Any CPU.Build.0 = Release|Any CPU
		{9974ABF8-12C1-4FE2-A232-6061FD9F1428}.Debug|Any CPU.ActiveCfg = Debug|Any CPU
		{9974ABF8-12C1-4FE2-A232-6061FD9F1428}.Debug|Any CPU.Build.0 = Debug|Any CPU
		{9974ABF8-12C1-4FE2-A232-6061FD9F1428}.Release|Any CPU.ActiveCfg = Release|Any CPU
		{9974ABF8-12C1-4FE2-A232-6061FD9F1428}.Release|Any CPU.Build.0 = Release|Any CPU
	EndGlobalSection
	GlobalSection(SolutionProperties) = preSolution
		HideSolutionNode = FALSE
	EndGlobalSection
	GlobalSection(ExtensibilityGlobals) = postSolution
		SolutionGuid = {613BE4E1-2CFE-481C-B8A4-1108AE85D735}
	EndGlobalSection
EndGlobal
